{
  "version": 4,
  "terraform_version": "1.11.3",
  "serial": 14,
  "lineage": "b422baf9-b4f0-f802-492b-950422d4c643",
  "outputs": {},
  "resources": [
    {
      "mode": "managed",
      "type": "azurerm_app_service",
      "name": "example",
      "provider": "provider[\"registry.terraform.io/hashicorp/azurerm\"]",
      "instances": [
        {
          "schema_version": 0,
          "attributes": {
            "app_service_plan_id": "/subscriptions/0e867537-cf4c-47c3-9de2-b5646da86f8e/resourceGroups/appservice-resource-group/providers/Microsoft.Web/serverFarms/webapijenkinssomya_plan",
            "app_settings": {
              "WEBSITE_RUN_FRON_PACKAGE": "1"
            },
            "auth_settings": [
              {
                "active_directory": [],
                "additional_login_params": {},
                "allowed_external_redirect_urls": [],
                "default_provider": "",
                "enabled": false,
                "facebook": [],
                "google": [],
                "issuer": "",
                "microsoft": [],
                "runtime_version": "",
                "token_refresh_extension_hours": 0,
                "token_store_enabled": false,
                "twitter": [],
                "unauthenticated_client_action": ""
              }
            ],
            "backup": [],
            "client_affinity_enabled": false,
            "client_cert_enabled": false,
            "client_cert_mode": "Required",
            "connection_string": [],
            "custom_domain_verification_id": "9288059ECB1C985DAEA4D2FEB45D726137D2CD18AEB43C82B277DDD54B807136",
            "default_site_hostname": "webapijenkinssomya.azurewebsites.net",
            "enabled": true,
            "https_only": false,
            "id": "/subscriptions/0e867537-cf4c-47c3-9de2-b5646da86f8e/resourceGroups/appservice-resource-group/providers/Microsoft.Web/sites/webapijenkinssomya",
            "identity": [],
            "key_vault_reference_identity_id": "SystemAssigned",
            "location": "eastus",
            "logs": [
              {
                "application_logs": [
                  {
                    "azure_blob_storage": [],
                    "file_system_level": "Off"
                  }
                ],
                "detailed_error_messages_enabled": false,
                "failed_request_tracing_enabled": false,
                "http_logs": [
                  {
                    "azure_blob_storage": [],
                    "file_system": []
                  }
                ]
              }
            ],
            "name": "webapijenkinssomya",
            "outbound_ip_address_list": [
              "40.117.156.123",
              "40.117.152.31",
              "40.117.152.17",
              "40.117.157.111",
              "40.117.154.240"
            ],
            "outbound_ip_addresses": "40.117.156.123,40.117.152.31,40.117.152.17,40.117.157.111,40.117.154.240",
            "possible_outbound_ip_address_list": [
              "40.117.156.123",
              "40.117.152.31",
              "40.117.152.17",
              "40.117.157.111",
              "51.8.17.153",
              "137.135.74.233",
              "104.45.142.228",
              "137.117.51.127",
              "104.45.142.194",
              "104.45.142.238",
              "4.157.211.58",
              "4.157.210.112",
              "4.157.210.113",
              "4.157.210.114",
              "4.157.210.115",
              "4.157.210.157",
              "20.242.141.39",
              "20.242.141.85",
              "20.242.141.86",
              "20.242.141.108",
              "20.242.141.123",
              "20.242.141.124",
              "40.117.154.240"
            ],
            "possible_outbound_ip_addresses": "40.117.156.123,40.117.152.31,40.117.152.17,40.117.157.111,51.8.17.153,137.135.74.233,104.45.142.228,137.117.51.127,104.45.142.194,104.45.142.238,4.157.211.58,4.157.210.112,4.157.210.113,4.157.210.114,4.157.210.115,4.157.210.157,20.242.141.39,20.242.141.85,20.242.141.86,20.242.141.108,20.242.141.123,20.242.141.124,40.117.154.240",
            "resource_group_name": "appservice-resource-group",
            "site_config": [
              {
                "acr_use_managed_identity_credentials": false,
                "acr_user_managed_identity_client_id": "",
                "always_on": false,
                "app_command_line": "",
                "auto_swap_slot_name": "",
                "cors": [
                  {
                    "allowed_origins": [],
                    "support_credentials": false
                  }
                ],
                "default_documents": null,
                "dotnet_framework_version": "v6.0",
                "ftps_state": "FtpsOnly",
                "health_check_path": "",
                "http2_enabled": false,
                "ip_restriction": [],
                "java_container": "",
                "java_container_version": "",
                "java_version": "",
                "linux_fx_version": "",
                "local_mysql_enabled": false,
                "managed_pipeline_mode": "Integrated",
                "min_tls_version": "1.2",
                "number_of_workers": 1,
                "php_version": "",
                "python_version": "",
                "remote_debugging_enabled": false,
                "remote_debugging_version": "VS2022",
                "scm_ip_restriction": [],
                "scm_type": "None",
                "scm_use_main_ip_restriction": false,
                "use_32_bit_worker_process": false,
                "vnet_route_all_enabled": false,
                "websockets_enabled": false,
                "windows_fx_version": ""
              }
            ],
            "site_credential": [
              {
                "password": "qh9iXtrkjcjBZoTTnz4wgGPN8hkTFjzr2MiNglGv3lPxEPeCWp9cNuqcXj1z",
                "username": "$webapijenkinssomya"
              }
            ],
            "source_control": [
              {
                "branch": "main",
                "manual_integration": false,
                "repo_url": "",
                "rollback_enabled": false,
                "use_mercurial": false
              }
            ],
            "storage_account": [],
            "tags": null,
            "timeouts": null
          },
          "sensitive_attributes": [],
          "private": "eyJlMmJmYjczMC1lY2FhLTExZTYtOGY4OC0zNDM2M2JjN2M0YzAiOnsiY3JlYXRlIjoxODAwMDAwMDAwMDAwLCJkZWxldGUiOjE4MDAwMDAwMDAwMDAsInJlYWQiOjMwMDAwMDAwMDAwMCwidXBkYXRlIjoxODAwMDAwMDAwMDAwfX0=",
          "dependencies": [
            "azurerm_app_service_plan.example",
            "azurerm_resource_group.example"
          ]
        }
      ]
    },
    {
      "mode": "managed",
      "type": "azurerm_app_service_plan",
      "name": "example",
      "provider": "provider[\"registry.terraform.io/hashicorp/azurerm\"]",
      "instances": [
        {
          "schema_version": 1,
          "attributes": {
            "app_service_environment_id": "",
            "id": "/subscriptions/0e867537-cf4c-47c3-9de2-b5646da86f8e/resourceGroups/appservice-resource-group/providers/Microsoft.Web/serverFarms/webapijenkinssomya_plan",
            "is_xenon": false,
            "kind": "Windows",
            "location": "eastus",
            "maximum_elastic_worker_count": 1,
            "maximum_number_of_workers": 10,
            "name": "webapijenkinssomya_plan",
            "per_site_scaling": false,
            "reserved": false,
            "resource_group_name": "appservice-resource-group",
            "sku": [
              {
                "capacity": 1,
                "size": "S1",
                "tier": "Standard"
              }
            ],
            "tags": {},
            "timeouts": null,
            "zone_redundant": false
          },
          "sensitive_attributes": [],
          "private": "eyJlMmJmYjczMC1lY2FhLTExZTYtOGY4OC0zNDM2M2JjN2M0YzAiOnsiY3JlYXRlIjozNjAwMDAwMDAwMDAwLCJkZWxldGUiOjM2MDAwMDAwMDAwMDAsInJlYWQiOjMwMDAwMDAwMDAwMCwidXBkYXRlIjozNjAwMDAwMDAwMDAwfSwic2NoZW1hX3ZlcnNpb24iOiIxIn0=",
          "dependencies": [
            "azurerm_resource_group.example"
          ]
        }
      ]
    },
    {
      "mode": "managed",
      "type": "azurerm_resource_group",
      "name": "example",
      "provider": "provider[\"registry.terraform.io/hashicorp/azurerm\"]",
      "instances": [
        {
          "schema_version": 0,
          "attributes": {
            "id": "/subscriptions/0e867537-cf4c-47c3-9de2-b5646da86f8e/resourceGroups/appservice-resource-group",
            "location": "eastus",
            "managed_by": "",
            "name": "appservice-resource-group",
            "tags": {},
            "timeouts": null
          },
          "sensitive_attributes": [],
          "private": "eyJlMmJmYjczMC1lY2FhLTExZTYtOGY4OC0zNDM2M2JjN2M0YzAiOnsiY3JlYXRlIjo1NDAwMDAwMDAwMDAwLCJkZWxldGUiOjU0MDAwMDAwMDAwMDAsInJlYWQiOjMwMDAwMDAwMDAwMCwidXBkYXRlIjo1NDAwMDAwMDAwMDAwfX0="
        }
      ]
    }
  ],
  "check_results": null
}
